{
  "version": 4,
  "terraform_version": "1.3.9",
  "serial": 532,
  "lineage": "437452b1-d2f9-b6f5-9121-37be371698f5",
  "outputs": {
    "acr_admin_password": {
      "value": "Gws3QieQ6EdUoGig4L6aK7VXjpAXTpCXsNuQbq3eql+ACRCLCflS",
      "type": "string",
      "sensitive": true
    },
    "acr_admin_username": {
      "value": "cp2acr",
      "type": "string"
    },
    "acr_id": {
      "value": "/subscriptions/4943f2ee-b904-4996-b1f3-b0cdb2b3a45c/resourceGroups/Caso_Practico_2/providers/Microsoft.ContainerRegistry/registries/cp2acr",
      "type": "string"
    },
    "acr_login_server": {
      "value": "cp2acr.azurecr.io",
      "type": "string"
    },
    "k8s_public_ip_address": {
      "value": "20.111.35.150",
      "type": "string"
    },
    "k8s_public_ip_id": {
      "value": "/subscriptions/4943f2ee-b904-4996-b1f3-b0cdb2b3a45c/resourceGroups/Caso_Practico_2/providers/Microsoft.Network/publicIPAddresses/cp2k8spubip",
      "type": "string"
    },
    "podman_public_ip_address": {
      "value": "20.111.35.158",
      "type": "string"
    },
    "podman_public_ip_id": {
      "value": "/subscriptions/4943f2ee-b904-4996-b1f3-b0cdb2b3a45c/resourceGroups/Caso_Practico_2/providers/Microsoft.Network/publicIPAddresses/cp2podmanpubip",
      "type": "string"
    }
  },
  "resources": [
    {
      "mode": "managed",
      "type": "azurerm_network_interface",
      "name": "cp2_podman_nic",
      "provider": "provider[\"registry.terraform.io/hashicorp/azurerm\"]",
      "instances": [
        {
          "schema_version": 0,
          "attributes": {
            "applied_dns_servers": [],
            "dns_servers": [],
            "edge_zone": "",
            "enable_accelerated_networking": false,
            "enable_ip_forwarding": false,
            "id": "/subscriptions/4943f2ee-b904-4996-b1f3-b0cdb2b3a45c/resourceGroups/Caso_Practico_2/providers/Microsoft.Network/networkInterfaces/cp2nic",
            "internal_dns_name_label": "",
            "internal_domain_name_suffix": "00etiezzorrevlbvznhz45oguf.parx.internal.cloudapp.net",
            "ip_configuration": [
              {
                "gateway_load_balancer_frontend_ip_configuration_id": "",
                "name": "cp2network",
                "primary": true,
                "private_ip_address": "10.0.1.4",
                "private_ip_address_allocation": "Dynamic",
                "private_ip_address_version": "IPv4",
                "public_ip_address_id": "/subscriptions/4943f2ee-b904-4996-b1f3-b0cdb2b3a45c/resourceGroups/Caso_Practico_2/providers/Microsoft.Network/publicIPAddresses/cp2podmanpubip",
                "subnet_id": "/subscriptions/4943f2ee-b904-4996-b1f3-b0cdb2b3a45c/resourceGroups/Caso_Practico_2/providers/Microsoft.Network/virtualNetworks/cp2network/subnets/cp2subnet1"
              }
            ],
            "location": "francecentral",
            "mac_address": "",
            "name": "cp2nic",
            "private_ip_address": "10.0.1.4",
            "private_ip_addresses": [
              "10.0.1.4"
            ],
            "resource_group_name": "Caso_Practico_2",
            "tags": null,
            "timeouts": null,
            "virtual_machine_id": ""
          },
          "sensitive_attributes": [],
          "private": "eyJlMmJmYjczMC1lY2FhLTExZTYtOGY4OC0zNDM2M2JjN2M0YzAiOnsiY3JlYXRlIjoxODAwMDAwMDAwMDAwLCJkZWxldGUiOjE4MDAwMDAwMDAwMDAsInJlYWQiOjMwMDAwMDAwMDAwMCwidXBkYXRlIjoxODAwMDAwMDAwMDAwfX0=",
          "dependencies": [
            "azurerm_resource_group.cp2_rg",
            "azurerm_virtual_network.cp2_network",
            "module.cp2_subnet.azurerm_subnet.cp2_subnet",
            "module.podman_public_ip.azurerm_public_ip.cp2_public_ip"
          ]
        }
      ]
    },
    {
      "mode": "managed",
      "type": "azurerm_network_interface_security_group_association",
      "name": "cp2_sg_assoc",
      "provider": "provider[\"registry.terraform.io/hashicorp/azurerm\"]",
      "instances": [
        {
          "schema_version": 0,
          "attributes": {
            "id": "/subscriptions/4943f2ee-b904-4996-b1f3-b0cdb2b3a45c/resourceGroups/Caso_Practico_2/providers/Microsoft.Network/networkInterfaces/cp2nic|/subscriptions/4943f2ee-b904-4996-b1f3-b0cdb2b3a45c/resourceGroups/Caso_Practico_2/providers/Microsoft.Network/networkSecurityGroups/cp2NetworkSecurityGroup",
            "network_interface_id": "/subscriptions/4943f2ee-b904-4996-b1f3-b0cdb2b3a45c/resourceGroups/Caso_Practico_2/providers/Microsoft.Network/networkInterfaces/cp2nic",
            "network_security_group_id": "/subscriptions/4943f2ee-b904-4996-b1f3-b0cdb2b3a45c/resourceGroups/Caso_Practico_2/providers/Microsoft.Network/networkSecurityGroups/cp2NetworkSecurityGroup",
            "timeouts": null
          },
          "sensitive_attributes": [],
          "private": "eyJlMmJmYjczMC1lY2FhLTExZTYtOGY4OC0zNDM2M2JjN2M0YzAiOnsiY3JlYXRlIjoxODAwMDAwMDAwMDAwLCJkZWxldGUiOjE4MDAwMDAwMDAwMDAsInJlYWQiOjMwMDAwMDAwMDAwMCwidXBkYXRlIjoxODAwMDAwMDAwMDAwfX0=",
          "dependencies": [
            "azurerm_network_interface.cp2_podman_nic",
            "azurerm_network_security_group.cp2_nsg",
            "azurerm_resource_group.cp2_rg",
            "azurerm_virtual_network.cp2_network",
            "module.cp2_subnet.azurerm_subnet.cp2_subnet",
            "module.podman_public_ip.azurerm_public_ip.cp2_public_ip"
          ]
        }
      ]
    },
    {
      "mode": "managed",
      "type": "azurerm_network_security_group",
      "name": "cp2_nsg",
      "provider": "provider[\"registry.terraform.io/hashicorp/azurerm\"]",
      "instances": [
        {
          "schema_version": 0,
          "attributes": {
            "id": "/subscriptions/4943f2ee-b904-4996-b1f3-b0cdb2b3a45c/resourceGroups/Caso_Practico_2/providers/Microsoft.Network/networkSecurityGroups/cp2NetworkSecurityGroup",
            "location": "francecentral",
            "name": "cp2NetworkSecurityGroup",
            "resource_group_name": "Caso_Practico_2",
            "security_rule": [
              {
                "access": "Allow",
                "description": "",
                "destination_address_prefix": "*",
                "destination_address_prefixes": [],
                "destination_application_security_group_ids": [],
                "destination_port_range": "22",
                "destination_port_ranges": [],
                "direction": "Inbound",
                "name": "SSH",
                "priority": 1001,
                "protocol": "Tcp",
                "source_address_prefix": "*",
                "source_address_prefixes": [],
                "source_application_security_group_ids": [],
                "source_port_range": "*",
                "source_port_ranges": []
              },
              {
                "access": "Allow",
                "description": "",
                "destination_address_prefix": "*",
                "destination_address_prefixes": [],
                "destination_application_security_group_ids": [],
                "destination_port_range": "443",
                "destination_port_ranges": [],
                "direction": "Inbound",
                "name": "HTTPS",
                "priority": 1002,
                "protocol": "Tcp",
                "source_address_prefix": "*",
                "source_address_prefixes": [],
                "source_application_security_group_ids": [],
                "source_port_range": "*",
                "source_port_ranges": []
              }
            ],
            "tags": null,
            "timeouts": null
          },
          "sensitive_attributes": [],
          "private": "eyJlMmJmYjczMC1lY2FhLTExZTYtOGY4OC0zNDM2M2JjN2M0YzAiOnsiY3JlYXRlIjoxODAwMDAwMDAwMDAwLCJkZWxldGUiOjE4MDAwMDAwMDAwMDAsInJlYWQiOjMwMDAwMDAwMDAwMCwidXBkYXRlIjoxODAwMDAwMDAwMDAwfX0=",
          "dependencies": [
            "azurerm_resource_group.cp2_rg"
          ]
        }
      ]
    },
    {
      "mode": "managed",
      "type": "azurerm_resource_group",
      "name": "cp2_rg",
      "provider": "provider[\"registry.terraform.io/hashicorp/azurerm\"]",
      "instances": [
        {
          "schema_version": 0,
          "attributes": {
            "id": "/subscriptions/4943f2ee-b904-4996-b1f3-b0cdb2b3a45c/resourceGroups/Caso_Practico_2",
            "location": "francecentral",
            "name": "Caso_Practico_2",
            "tags": null,
            "timeouts": null
          },
          "sensitive_attributes": [],
          "private": "eyJlMmJmYjczMC1lY2FhLTExZTYtOGY4OC0zNDM2M2JjN2M0YzAiOnsiY3JlYXRlIjo1NDAwMDAwMDAwMDAwLCJkZWxldGUiOjU0MDAwMDAwMDAwMDAsInJlYWQiOjMwMDAwMDAwMDAwMCwidXBkYXRlIjo1NDAwMDAwMDAwMDAwfX0="
        }
      ]
    },
    {
      "mode": "managed",
      "type": "azurerm_virtual_network",
      "name": "cp2_network",
      "provider": "provider[\"registry.terraform.io/hashicorp/azurerm\"]",
      "instances": [
        {
          "schema_version": 0,
          "attributes": {
            "address_space": [
              "10.0.0.0/16"
            ],
            "bgp_community": "",
            "ddos_protection_plan": [],
            "dns_servers": [],
            "edge_zone": "",
            "flow_timeout_in_minutes": 0,
            "guid": "133489d6-7439-4a62-ac35-cb4f9f7dc6a5",
            "id": "/subscriptions/4943f2ee-b904-4996-b1f3-b0cdb2b3a45c/resourceGroups/Caso_Practico_2/providers/Microsoft.Network/virtualNetworks/cp2network",
            "location": "francecentral",
            "name": "cp2network",
            "resource_group_name": "Caso_Practico_2",
            "subnet": [],
            "tags": null,
            "timeouts": null
          },
          "sensitive_attributes": [],
          "private": "eyJlMmJmYjczMC1lY2FhLTExZTYtOGY4OC0zNDM2M2JjN2M0YzAiOnsiY3JlYXRlIjoxODAwMDAwMDAwMDAwLCJkZWxldGUiOjE4MDAwMDAwMDAwMDAsInJlYWQiOjMwMDAwMDAwMDAwMCwidXBkYXRlIjoxODAwMDAwMDAwMDAwfX0=",
          "dependencies": [
            "azurerm_resource_group.cp2_rg"
          ]
        }
      ]
    },
    {
      "mode": "managed",
      "type": "null_resource",
      "name": "run_ansible",
      "provider": "provider[\"registry.terraform.io/hashicorp/null\"]",
      "instances": [
        {
          "schema_version": 0,
          "attributes": {
            "id": "2500767437347603984",
            "triggers": null
          },
          "sensitive_attributes": [],
          "dependencies": [
            "azurerm_network_interface.cp2_podman_nic",
            "azurerm_resource_group.cp2_rg",
            "azurerm_virtual_network.cp2_network",
            "module.cp2_ssh_key.azurerm_ssh_public_key.cp2_ssh_key",
            "module.cp2_subnet.azurerm_subnet.cp2_subnet",
            "module.create_acr.azurerm_container_registry.cp2_acr",
            "module.podman_public_ip.azurerm_public_ip.cp2_public_ip",
            "module.podman_vm.azurerm_linux_virtual_machine.podman_host",
            "module.podman_vm.azurerm_network_interface.podman_nic"
          ]
        }
      ]
    },
    {
      "module": "module.cp2_ssh_key",
      "mode": "managed",
      "type": "azurerm_ssh_public_key",
      "name": "cp2_ssh_key",
      "provider": "provider[\"registry.terraform.io/hashicorp/azurerm\"]",
      "instances": [
        {
          "schema_version": 0,
          "attributes": {
            "id": "/subscriptions/4943f2ee-b904-4996-b1f3-b0cdb2b3a45c/resourceGroups/Caso_Practico_2/providers/Microsoft.Compute/sshPublicKeys/cp2_ssh_key",
            "location": "francecentral",
            "name": "cp2_ssh_key",
            "public_key": "ssh-rsa AAAAB3NzaC1yc2EAAAADAQABAAABAQCh+5+120zaiU5ZiH2cCgriqSLXq2pL67T5S4mhCHw8wIxr0MFlNT/DgQPrL3Wb/L9L0g1mlA1hcDHu76aWSy1HHKSZX2y+RU6z7cykX0yyNE5wbFyFA+Ys+CMKI5QsWjxqJkfQYHEpHK4qK6PPZReYzIrt/Qdaff/bq8yUBaDgvwJOCDB6nKswrlMw/K3i3Iq+aNPJARW6+abmdcd1tElJrXZ9gOre9ZyS/0OH83hAK9Kyi7IrKKsbK+yD+5kK2l2F1+AF6aBbzFHXTLhhpErhfFCXi8+SM1TlHfWCtfChTH6iL2LHe/cstmxvrAVPCy8SI+ZLOvZYfnBN6W28Pqa/ wilbert\n",
            "resource_group_name": "Caso_Practico_2",
            "tags": null,
            "timeouts": null
          },
          "sensitive_attributes": [],
          "private": "eyJlMmJmYjczMC1lY2FhLTExZTYtOGY4OC0zNDM2M2JjN2M0YzAiOnsiY3JlYXRlIjoyNzAwMDAwMDAwMDAwLCJkZWxldGUiOjI3MDAwMDAwMDAwMDAsInJlYWQiOjMwMDAwMDAwMDAwMCwidXBkYXRlIjoyNzAwMDAwMDAwMDAwfX0=",
          "dependencies": [
            "azurerm_resource_group.cp2_rg"
          ]
        }
      ]
    },
    {
      "module": "module.cp2_subnet",
      "mode": "managed",
      "type": "azurerm_subnet",
      "name": "cp2_subnet",
      "provider": "provider[\"registry.terraform.io/hashicorp/azurerm\"]",
      "instances": [
        {
          "schema_version": 0,
          "attributes": {
            "address_prefixes": [
              "10.0.1.0/24"
            ],
            "delegation": [],
            "enforce_private_link_endpoint_network_policies": false,
            "enforce_private_link_service_network_policies": false,
            "id": "/subscriptions/4943f2ee-b904-4996-b1f3-b0cdb2b3a45c/resourceGroups/Caso_Practico_2/providers/Microsoft.Network/virtualNetworks/cp2network/subnets/cp2subnet1",
            "name": "cp2subnet1",
            "private_endpoint_network_policies_enabled": true,
            "private_link_service_network_policies_enabled": true,
            "resource_group_name": "Caso_Practico_2",
            "service_endpoint_policy_ids": null,
            "service_endpoints": null,
            "timeouts": null,
            "virtual_network_name": "cp2network"
          },
          "sensitive_attributes": [],
          "private": "eyJlMmJmYjczMC1lY2FhLTExZTYtOGY4OC0zNDM2M2JjN2M0YzAiOnsiY3JlYXRlIjoxODAwMDAwMDAwMDAwLCJkZWxldGUiOjE4MDAwMDAwMDAwMDAsInJlYWQiOjMwMDAwMDAwMDAwMCwidXBkYXRlIjoxODAwMDAwMDAwMDAwfX0=",
          "dependencies": [
            "azurerm_resource_group.cp2_rg",
            "azurerm_virtual_network.cp2_network"
          ]
        }
      ]
    },
    {
      "module": "module.create_acr",
      "mode": "managed",
      "type": "azurerm_container_registry",
      "name": "cp2_acr",
      "provider": "provider[\"registry.terraform.io/hashicorp/azurerm\"]",
      "instances": [
        {
          "schema_version": 2,
          "attributes": {
            "admin_enabled": true,
            "admin_password": "Gws3QieQ6EdUoGig4L6aK7VXjpAXTpCXsNuQbq3eql+ACRCLCflS",
            "admin_username": "cp2acr",
            "anonymous_pull_enabled": false,
            "data_endpoint_enabled": false,
            "encryption": [
              {
                "enabled": false,
                "identity_client_id": "",
                "key_vault_key_id": ""
              }
            ],
            "export_policy_enabled": true,
            "georeplications": [],
            "id": "/subscriptions/4943f2ee-b904-4996-b1f3-b0cdb2b3a45c/resourceGroups/Caso_Practico_2/providers/Microsoft.ContainerRegistry/registries/cp2acr",
            "identity": [],
            "location": "francecentral",
            "login_server": "cp2acr.azurecr.io",
            "name": "cp2acr",
            "network_rule_bypass_option": "AzureServices",
            "network_rule_set": [],
            "public_network_access_enabled": true,
            "quarantine_policy_enabled": false,
            "resource_group_name": "Caso_Practico_2",
            "retention_policy": [
              {
                "days": 7,
                "enabled": false
              }
            ],
            "sku": "Basic",
            "tags": null,
            "timeouts": null,
            "trust_policy": [
              {
                "enabled": false
              }
            ],
            "zone_redundancy_enabled": false
          },
          "sensitive_attributes": [],
          "private": "eyJlMmJmYjczMC1lY2FhLTExZTYtOGY4OC0zNDM2M2JjN2M0YzAiOnsiY3JlYXRlIjoxODAwMDAwMDAwMDAwLCJkZWxldGUiOjE4MDAwMDAwMDAwMDAsInJlYWQiOjMwMDAwMDAwMDAwMCwidXBkYXRlIjoxODAwMDAwMDAwMDAwfSwic2NoZW1hX3ZlcnNpb24iOiIyIn0=",
          "dependencies": [
            "azurerm_resource_group.cp2_rg"
          ]
        }
      ]
    },
    {
      "module": "module.k8s_public_ip",
      "mode": "managed",
      "type": "azurerm_public_ip",
      "name": "cp2_public_ip",
      "provider": "provider[\"registry.terraform.io/hashicorp/azurerm\"]",
      "instances": [
        {
          "schema_version": 0,
          "attributes": {
            "allocation_method": "Static",
            "ddos_protection_mode": "VirtualNetworkInherited",
            "ddos_protection_plan_id": null,
            "domain_name_label": null,
            "edge_zone": "",
            "fqdn": null,
            "id": "/subscriptions/4943f2ee-b904-4996-b1f3-b0cdb2b3a45c/resourceGroups/Caso_Practico_2/providers/Microsoft.Network/publicIPAddresses/cp2k8spubip",
            "idle_timeout_in_minutes": 4,
            "ip_address": "20.111.35.150",
            "ip_tags": null,
            "ip_version": "IPv4",
            "location": "francecentral",
            "name": "cp2k8spubip",
            "public_ip_prefix_id": null,
            "resource_group_name": "Caso_Practico_2",
            "reverse_fqdn": null,
            "sku": "Basic",
            "sku_tier": "Regional",
            "tags": null,
            "timeouts": null,
            "zones": null
          },
          "sensitive_attributes": [],
          "private": "eyJlMmJmYjczMC1lY2FhLTExZTYtOGY4OC0zNDM2M2JjN2M0YzAiOnsiY3JlYXRlIjoxODAwMDAwMDAwMDAwLCJkZWxldGUiOjE4MDAwMDAwMDAwMDAsInJlYWQiOjMwMDAwMDAwMDAwMCwidXBkYXRlIjoxODAwMDAwMDAwMDAwfX0=",
          "dependencies": [
            "azurerm_resource_group.cp2_rg"
          ]
        }
      ]
    },
    {
      "module": "module.podman_public_ip",
      "mode": "managed",
      "type": "azurerm_public_ip",
      "name": "cp2_public_ip",
      "provider": "provider[\"registry.terraform.io/hashicorp/azurerm\"]",
      "instances": [
        {
          "schema_version": 0,
          "attributes": {
            "allocation_method": "Static",
            "ddos_protection_mode": "VirtualNetworkInherited",
            "ddos_protection_plan_id": null,
            "domain_name_label": null,
            "edge_zone": "",
            "fqdn": null,
            "id": "/subscriptions/4943f2ee-b904-4996-b1f3-b0cdb2b3a45c/resourceGroups/Caso_Practico_2/providers/Microsoft.Network/publicIPAddresses/cp2podmanpubip",
            "idle_timeout_in_minutes": 4,
            "ip_address": "20.111.35.158",
            "ip_tags": null,
            "ip_version": "IPv4",
            "location": "francecentral",
            "name": "cp2podmanpubip",
            "public_ip_prefix_id": null,
            "resource_group_name": "Caso_Practico_2",
            "reverse_fqdn": null,
            "sku": "Basic",
            "sku_tier": "Regional",
            "tags": null,
            "timeouts": null,
            "zones": null
          },
          "sensitive_attributes": [],
          "private": "eyJlMmJmYjczMC1lY2FhLTExZTYtOGY4OC0zNDM2M2JjN2M0YzAiOnsiY3JlYXRlIjoxODAwMDAwMDAwMDAwLCJkZWxldGUiOjE4MDAwMDAwMDAwMDAsInJlYWQiOjMwMDAwMDAwMDAwMCwidXBkYXRlIjoxODAwMDAwMDAwMDAwfX0=",
          "dependencies": [
            "azurerm_resource_group.cp2_rg"
          ]
        }
      ]
    },
    {
      "module": "module.podman_vm",
      "mode": "managed",
      "type": "azurerm_linux_virtual_machine",
      "name": "podman_host",
      "provider": "provider[\"registry.terraform.io/hashicorp/azurerm\"]",
      "instances": [
        {
          "schema_version": 0,
          "attributes": {
            "additional_capabilities": [],
            "admin_password": null,
            "admin_ssh_key": [
              {
                "public_key": "ssh-rsa AAAAB3NzaC1yc2EAAAADAQABAAABAQCh+5+120zaiU5ZiH2cCgriqSLXq2pL67T5S4mhCHw8wIxr0MFlNT/DgQPrL3Wb/L9L0g1mlA1hcDHu76aWSy1HHKSZX2y+RU6z7cykX0yyNE5wbFyFA+Ys+CMKI5QsWjxqJkfQYHEpHK4qK6PPZReYzIrt/Qdaff/bq8yUBaDgvwJOCDB6nKswrlMw/K3i3Iq+aNPJARW6+abmdcd1tElJrXZ9gOre9ZyS/0OH83hAK9Kyi7IrKKsbK+yD+5kK2l2F1+AF6aBbzFHXTLhhpErhfFCXi8+SM1TlHfWCtfChTH6iL2LHe/cstmxvrAVPCy8SI+ZLOvZYfnBN6W28Pqa/ wilbert\n",
                "username": "wilbert"
              }
            ],
            "admin_username": "wilbert",
            "allow_extension_operations": true,
            "availability_set_id": "",
            "boot_diagnostics": [],
            "capacity_reservation_group_id": "",
            "computer_name": "podman",
            "custom_data": null,
            "dedicated_host_group_id": "",
            "dedicated_host_id": "",
            "disable_password_authentication": true,
            "edge_zone": "",
            "encryption_at_host_enabled": false,
            "eviction_policy": "",
            "extensions_time_budget": "PT1H30M",
            "gallery_application": [],
            "id": "/subscriptions/4943f2ee-b904-4996-b1f3-b0cdb2b3a45c/resourceGroups/Caso_Practico_2/providers/Microsoft.Compute/virtualMachines/podman_vm",
            "identity": [],
            "license_type": "",
            "location": "francecentral",
            "max_bid_price": -1,
            "name": "podman_vm",
            "network_interface_ids": [
              "/subscriptions/4943f2ee-b904-4996-b1f3-b0cdb2b3a45c/resourceGroups/Caso_Practico_2/providers/Microsoft.Network/networkInterfaces/cp2nic"
            ],
            "os_disk": [
              {
                "caching": "ReadWrite",
                "diff_disk_settings": [],
                "disk_encryption_set_id": "",
                "disk_size_gb": 30,
                "name": "os_disk",
                "secure_vm_disk_encryption_set_id": "",
                "security_encryption_type": "",
                "storage_account_type": "Standard_LRS",
                "write_accelerator_enabled": false
              }
            ],
            "patch_assessment_mode": "ImageDefault",
            "patch_mode": "ImageDefault",
            "plan": [],
            "platform_fault_domain": -1,
            "priority": "Regular",
            "private_ip_address": "10.0.1.4",
            "private_ip_addresses": [
              "10.0.1.4"
            ],
            "provision_vm_agent": true,
            "proximity_placement_group_id": "",
            "public_ip_address": "20.111.35.158",
            "public_ip_addresses": [
              "20.111.35.158"
            ],
            "resource_group_name": "Caso_Practico_2",
            "secret": [],
            "secure_boot_enabled": false,
            "size": "Standard_D2s_v3",
            "source_image_id": "",
            "source_image_reference": [
              {
                "offer": "0001-com-ubuntu-minimal-jammy",
                "publisher": "canonical",
                "sku": "minimal-22_04-lts-gen2",
                "version": "latest"
              }
            ],
            "tags": null,
            "termination_notification": null,
            "timeouts": null,
            "user_data": "",
            "virtual_machine_id": "0cea9c3d-f3cd-4d02-ba47-b361c1a851cb",
            "virtual_machine_scale_set_id": "",
            "vtpm_enabled": false,
            "zone": ""
          },
          "sensitive_attributes": [],
          "private": "eyJlMmJmYjczMC1lY2FhLTExZTYtOGY4OC0zNDM2M2JjN2M0YzAiOnsiY3JlYXRlIjoyNzAwMDAwMDAwMDAwLCJkZWxldGUiOjI3MDAwMDAwMDAwMDAsInJlYWQiOjMwMDAwMDAwMDAwMCwidXBkYXRlIjoyNzAwMDAwMDAwMDAwfX0=",
          "dependencies": [
            "azurerm_network_interface.cp2_podman_nic",
            "azurerm_resource_group.cp2_rg",
            "azurerm_virtual_network.cp2_network",
            "module.cp2_ssh_key.azurerm_ssh_public_key.cp2_ssh_key",
            "module.cp2_subnet.azurerm_subnet.cp2_subnet",
            "module.podman_public_ip.azurerm_public_ip.cp2_public_ip"
          ]
        }
      ]
    },
    {
      "module": "module.podman_vm",
      "mode": "managed",
      "type": "azurerm_network_interface",
      "name": "podman_nic",
      "provider": "provider[\"registry.terraform.io/hashicorp/azurerm\"]",
      "instances": [
        {
          "schema_version": 0,
          "attributes": {
            "applied_dns_servers": [],
            "dns_servers": [],
            "edge_zone": "",
            "enable_accelerated_networking": false,
            "enable_ip_forwarding": false,
            "id": "/subscriptions/4943f2ee-b904-4996-b1f3-b0cdb2b3a45c/resourceGroups/Caso_Practico_2/providers/Microsoft.Network/networkInterfaces/podmannic",
            "internal_dns_name_label": "",
            "internal_domain_name_suffix": "00etiezzorrevlbvznhz45oguf.parx.internal.cloudapp.net",
            "ip_configuration": [
              {
                "gateway_load_balancer_frontend_ip_configuration_id": "",
                "name": "privip",
                "primary": true,
                "private_ip_address": "10.0.1.5",
                "private_ip_address_allocation": "Dynamic",
                "private_ip_address_version": "IPv4",
                "public_ip_address_id": "",
                "subnet_id": "/subscriptions/4943f2ee-b904-4996-b1f3-b0cdb2b3a45c/resourceGroups/Caso_Practico_2/providers/Microsoft.Network/virtualNetworks/cp2network/subnets/cp2subnet1"
              }
            ],
            "location": "francecentral",
            "mac_address": "",
            "name": "podmannic",
            "private_ip_address": "10.0.1.5",
            "private_ip_addresses": [
              "10.0.1.5"
            ],
            "resource_group_name": "Caso_Practico_2",
            "tags": null,
            "timeouts": null,
            "virtual_machine_id": ""
          },
          "sensitive_attributes": [],
          "private": "eyJlMmJmYjczMC1lY2FhLTExZTYtOGY4OC0zNDM2M2JjN2M0YzAiOnsiY3JlYXRlIjoxODAwMDAwMDAwMDAwLCJkZWxldGUiOjE4MDAwMDAwMDAwMDAsInJlYWQiOjMwMDAwMDAwMDAwMCwidXBkYXRlIjoxODAwMDAwMDAwMDAwfX0=",
          "dependencies": [
            "azurerm_resource_group.cp2_rg",
            "azurerm_virtual_network.cp2_network",
            "module.cp2_subnet.azurerm_subnet.cp2_subnet"
          ]
        }
      ]
    }
  ],
  "check_results": null
}
